
Microsoft Visual Studio Solution File, Format Version 12.00
# Visual Studio Version 17
VisualStudioVersion = 17.3.32804.467
MinimumVisualStudioVersion = 10.0.40219.1
Project("{2150E333-8FDC-42A3-9474-1A3956D46DE8}") = "partners", "partners", "{03545E8C-133A-4029-B3C5-20AE7E5FB7F8}"
EndProject
Project("{2150E333-8FDC-42A3-9474-1A3956D46DE8}") = "payments", "payments", "{084EF6AB-819B-4452-B345-476E955ADF2D}"
EndProject
Project("{2150E333-8FDC-42A3-9474-1A3956D46DE8}") = "orders", "orders", "{622EA6B7-78AE-46DD-BAB5-3775F37A5D17}"
EndProject
Project("{2150E333-8FDC-42A3-9474-1A3956D46DE8}") = "shared", "shared", "{22609A84-17AA-4BDE-BF8C-8E2B1793075C}"
EndProject
Project("{9A19103F-16F7-4668-BE54-9A1E7A4F7556}") = "Easyfood.Partners.Application", "partners\application\Easyfood.Partners.Application.csproj", "{FBF1DEF8-A0C4-4D4E-8520-0780437C6E58}"
EndProject
Project("{2150E333-8FDC-42A3-9474-1A3956D46DE8}") = "containers", "containers", "{50ADCCC8-F15C-442A-9179-68DF7F59FB6E}"
EndProject
Project("{9A19103F-16F7-4668-BE54-9A1E7A4F7556}") = "Easyfood.Partners.Api", "partners\containers\api\Easyfood.Partners.Api.csproj", "{42CCF928-F8DA-4EDA-A101-8D0ADBB35148}"
EndProject
Project("{9A19103F-16F7-4668-BE54-9A1E7A4F7556}") = "Easyfood.Partners.Domain", "partners\domain\Easyfood.Partners.Domain.csproj", "{3AA6F47D-BC5B-4326-95FA-50C78564D543}"
EndProject
Project("{9A19103F-16F7-4668-BE54-9A1E7A4F7556}") = "Easyfood.Partners.Infrastructure", "partners\infrastructure\Easyfood.Partners.Infrastructure.csproj", "{72017E9E-EBAD-40AC-9C08-F1A4F0F27965}"
EndProject
Project("{9A19103F-16F7-4668-BE54-9A1E7A4F7556}") = "Easyfood.IoC", "partners\ioc\Easyfood.IoC.csproj", "{D8638AF6-D2A9-4209-B17D-5AC359C5D183}"
EndProject
Project("{9A19103F-16F7-4668-BE54-9A1E7A4F7556}") = "Easyfood.Shared", "shared\Easyfood.Shared.csproj", "{1A5BDD11-5A0F-4B92-B058-EE66E607F457}"
EndProject
Project("{2150E333-8FDC-42A3-9474-1A3956D46DE8}") = "identity", "identity", "{65CC9617-473F-41ED-85AB-82FCA5929EFA}"
EndProject
Project("{2150E333-8FDC-42A3-9474-1A3956D46DE8}") = "containers", "containers", "{E62B0884-8E44-45D7-AD9E-1D63952EDEB7}"
EndProject
Project("{9A19103F-16F7-4668-BE54-9A1E7A4F7556}") = "Easyfood.Identity", "identity\containers\Easyfood.Identity.csproj", "{BA5F3216-6CDD-407A-9CCE-66F03033422D}"
EndProject
Global
	GlobalSection(SolutionConfigurationPlatforms) = preSolution
		Debug|Any CPU = Debug|Any CPU
		Release|Any CPU = Release|Any CPU
	EndGlobalSection
	GlobalSection(ProjectConfigurationPlatforms) = postSolution
		{FBF1DEF8-A0C4-4D4E-8520-0780437C6E58}.Debug|Any CPU.ActiveCfg = Debug|Any CPU
		{FBF1DEF8-A0C4-4D4E-8520-0780437C6E58}.Debug|Any CPU.Build.0 = Debug|Any CPU
		{FBF1DEF8-A0C4-4D4E-8520-0780437C6E58}.Release|Any CPU.ActiveCfg = Release|Any CPU
		{FBF1DEF8-A0C4-4D4E-8520-0780437C6E58}.Release|Any CPU.Build.0 = Release|Any CPU
		{42CCF928-F8DA-4EDA-A101-8D0ADBB35148}.Debug|Any CPU.ActiveCfg = Debug|Any CPU
		{42CCF928-F8DA-4EDA-A101-8D0ADBB35148}.Debug|Any CPU.Build.0 = Debug|Any CPU
		{42CCF928-F8DA-4EDA-A101-8D0ADBB35148}.Release|Any CPU.ActiveCfg = Release|Any CPU
		{42CCF928-F8DA-4EDA-A101-8D0ADBB35148}.Release|Any CPU.Build.0 = Release|Any CPU
		{3AA6F47D-BC5B-4326-95FA-50C78564D543}.Debug|Any CPU.ActiveCfg = Debug|Any CPU
		{3AA6F47D-BC5B-4326-95FA-50C78564D543}.Debug|Any CPU.Build.0 = Debug|Any CPU
		{3AA6F47D-BC5B-4326-95FA-50C78564D543}.Release|Any CPU.ActiveCfg = Release|Any CPU
		{3AA6F47D-BC5B-4326-95FA-50C78564D543}.Release|Any CPU.Build.0 = Release|Any CPU
		{72017E9E-EBAD-40AC-9C08-F1A4F0F27965}.Debug|Any CPU.ActiveCfg = Debug|Any CPU
		{72017E9E-EBAD-40AC-9C08-F1A4F0F27965}.Debug|Any CPU.Build.0 = Debug|Any CPU
		{72017E9E-EBAD-40AC-9C08-F1A4F0F27965}.Release|Any CPU.ActiveCfg = Release|Any CPU
		{72017E9E-EBAD-40AC-9C08-F1A4F0F27965}.Release|Any CPU.Build.0 = Release|Any CPU
		{D8638AF6-D2A9-4209-B17D-5AC359C5D183}.Debug|Any CPU.ActiveCfg = Debug|Any CPU
		{D8638AF6-D2A9-4209-B17D-5AC359C5D183}.Debug|Any CPU.Build.0 = Debug|Any CPU
		{D8638AF6-D2A9-4209-B17D-5AC359C5D183}.Release|Any CPU.ActiveCfg = Release|Any CPU
		{D8638AF6-D2A9-4209-B17D-5AC359C5D183}.Release|Any CPU.Build.0 = Release|Any CPU
		{1A5BDD11-5A0F-4B92-B058-EE66E607F457}.Debug|Any CPU.ActiveCfg = Debug|Any CPU
		{1A5BDD11-5A0F-4B92-B058-EE66E607F457}.Debug|Any CPU.Build.0 = Debug|Any CPU
		{1A5BDD11-5A0F-4B92-B058-EE66E607F457}.Release|Any CPU.ActiveCfg = Release|Any CPU
		{1A5BDD11-5A0F-4B92-B058-EE66E607F457}.Release|Any CPU.Build.0 = Release|Any CPU
		{BA5F3216-6CDD-407A-9CCE-66F03033422D}.Debug|Any CPU.ActiveCfg = Debug|Any CPU
		{BA5F3216-6CDD-407A-9CCE-66F03033422D}.Debug|Any CPU.Build.0 = Debug|Any CPU
		{BA5F3216-6CDD-407A-9CCE-66F03033422D}.Release|Any CPU.ActiveCfg = Release|Any CPU
		{BA5F3216-6CDD-407A-9CCE-66F03033422D}.Release|Any CPU.Build.0 = Release|Any CPU
	EndGlobalSection
	GlobalSection(SolutionProperties) = preSolution
		HideSolutionNode = FALSE
	EndGlobalSection
	GlobalSection(NestedProjects) = preSolution
		{FBF1DEF8-A0C4-4D4E-8520-0780437C6E58} = {03545E8C-133A-4029-B3C5-20AE7E5FB7F8}
		{50ADCCC8-F15C-442A-9179-68DF7F59FB6E} = {03545E8C-133A-4029-B3C5-20AE7E5FB7F8}
		{42CCF928-F8DA-4EDA-A101-8D0ADBB35148} = {50ADCCC8-F15C-442A-9179-68DF7F59FB6E}
		{3AA6F47D-BC5B-4326-95FA-50C78564D543} = {03545E8C-133A-4029-B3C5-20AE7E5FB7F8}
		{72017E9E-EBAD-40AC-9C08-F1A4F0F27965} = {03545E8C-133A-4029-B3C5-20AE7E5FB7F8}
		{D8638AF6-D2A9-4209-B17D-5AC359C5D183} = {03545E8C-133A-4029-B3C5-20AE7E5FB7F8}
		{1A5BDD11-5A0F-4B92-B058-EE66E607F457} = {22609A84-17AA-4BDE-BF8C-8E2B1793075C}
		{E62B0884-8E44-45D7-AD9E-1D63952EDEB7} = {65CC9617-473F-41ED-85AB-82FCA5929EFA}
		{BA5F3216-6CDD-407A-9CCE-66F03033422D} = {E62B0884-8E44-45D7-AD9E-1D63952EDEB7}
	EndGlobalSection
	GlobalSection(ExtensibilityGlobals) = postSolution
		SolutionGuid = {858F0751-5384-4EA2-94DF-43BE8C41A1A0}
	EndGlobalSection
EndGlobal
